
Microsoft Visual Studio Solution File, Format Version 12.00
# Visual Studio 15
VisualStudioVersion = 15.0.28010.2036
MinimumVisualStudioVersion = 10.0.40219.1
Project("{FAE04EC0-301F-11D3-BF4B-00C04F79EFBC}") = "Test1.Android", "Test1\Test1.Android\Test1.Android.csproj", "{80D2CE94-F36B-4993-97FE-D44FD10A08ED}"
EndProject
Project("{FAE04EC0-301F-11D3-BF4B-00C04F79EFBC}") = "Test1.iOS", "Test1\Test1.iOS\Test1.iOS.csproj", "{42FC1F6A-2E4D-483F-BA2C-A21A0923E22A}"
EndProject
Project("{FAE04EC0-301F-11D3-BF4B-00C04F79EFBC}") = "Test1.UWP", "Test1\Test1.UWP\Test1.UWP.csproj", "{AB15D617-C870-4424-ACA6-DBA94848649F}"
EndProject
Project("{FAE04EC0-301F-11D3-BF4B-00C04F79EFBC}") = "Test1", "Test1\Test1\Test1.csproj", "{3360C4E0-3C45-4FAE-AC0B-D42EFC9DCD82}"
EndProject
Global
	GlobalSection(SolutionConfigurationPlatforms) = preSolution
		Ad-Hoc|Any CPU = Ad-Hoc|Any CPU
		Ad-Hoc|ARM = Ad-Hoc|ARM
		Ad-Hoc|iPhone = Ad-Hoc|iPhone
		Ad-Hoc|iPhoneSimulator = Ad-Hoc|iPhoneSimulator
		Ad-Hoc|x64 = Ad-Hoc|x64
		Ad-Hoc|x86 = Ad-Hoc|x86
		AppStore|Any CPU = AppStore|Any CPU
		AppStore|ARM = AppStore|ARM
		AppStore|iPhone = AppStore|iPhone
		AppStore|iPhoneSimulator = AppStore|iPhoneSimulator
		AppStore|x64 = AppStore|x64
		AppStore|x86 = AppStore|x86
		Debug|Any CPU = Debug|Any CPU
		Debug|ARM = Debug|ARM
		Debug|iPhone = Debug|iPhone
		Debug|iPhoneSimulator = Debug|iPhoneSimulator
		Debug|x64 = Debug|x64
		Debug|x86 = Debug|x86
		Release|Any CPU = Release|Any CPU
		Release|ARM = Release|ARM
		Release|iPhone = Release|iPhone
		Release|iPhoneSimulator = Release|iPhoneSimulator
		Release|x64 = Release|x64
		Release|x86 = Release|x86
	EndGlobalSection
	GlobalSection(ProjectConfigurationPlatforms) = postSolution
		{80D2CE94-F36B-4993-97FE-D44FD10A08ED}.Ad-Hoc|Any CPU.ActiveCfg = Release|Any CPU
		{80D2CE94-F36B-4993-97FE-D44FD10A08ED}.Ad-Hoc|Any CPU.Build.0 = Release|Any CPU
		{80D2CE94-F36B-4993-97FE-D44FD10A08ED}.Ad-Hoc|Any CPU.Deploy.0 = Release|Any CPU
		{80D2CE94-F36B-4993-97FE-D44FD10A08ED}.Ad-Hoc|ARM.ActiveCfg = Release|Any CPU
		{80D2CE94-F36B-4993-97FE-D44FD10A08ED}.Ad-Hoc|ARM.Build.0 = Release|Any CPU
		{80D2CE94-F36B-4993-97FE-D44FD10A08ED}.Ad-Hoc|ARM.Deploy.0 = Release|Any CPU
		{80D2CE94-F36B-4993-97FE-D44FD10A08ED}.Ad-Hoc|iPhone.ActiveCfg = Release|Any CPU
		{80D2CE94-F36B-4993-97FE-D44FD10A08ED}.Ad-Hoc|iPhone.Build.0 = Release|Any CPU
		{80D2CE94-F36B-4993-97FE-D44FD10A08ED}.Ad-Hoc|iPhone.Deploy.0 = Release|Any CPU
		{80D2CE94-F36B-4993-97FE-D44FD10A08ED}.Ad-Hoc|iPhoneSimulator.ActiveCfg = Release|Any CPU
		{80D2CE94-F36B-4993-97FE-D44FD10A08ED}.Ad-Hoc|iPhoneSimulator.Build.0 = Release|Any CPU
		{80D2CE94-F36B-4993-97FE-D44FD10A08ED}.Ad-Hoc|iPhoneSimulator.Deploy.0 = Release|Any CPU
		{80D2CE94-F36B-4993-97FE-D44FD10A08ED}.Ad-Hoc|x64.ActiveCfg = Release|Any CPU
		{80D2CE94-F36B-4993-97FE-D44FD10A08ED}.Ad-Hoc|x64.Build.0 = Release|Any CPU
		{80D2CE94-F36B-4993-97FE-D44FD10A08ED}.Ad-Hoc|x64.Deploy.0 = Release|Any CPU
		{80D2CE94-F36B-4993-97FE-D44FD10A08ED}.Ad-Hoc|x86.ActiveCfg = Release|Any CPU
		{80D2CE94-F36B-4993-97FE-D44FD10A08ED}.Ad-Hoc|x86.Build.0 = Release|Any CPU
		{80D2CE94-F36B-4993-97FE-D44FD10A08ED}.Ad-Hoc|x86.Deploy.0 = Release|Any CPU
		{80D2CE94-F36B-4993-97FE-D44FD10A08ED}.AppStore|Any CPU.ActiveCfg = Release|Any CPU
		{80D2CE94-F36B-4993-97FE-D44FD10A08ED}.AppStore|Any CPU.Build.0 = Release|Any CPU
		{80D2CE94-F36B-4993-97FE-D44FD10A08ED}.AppStore|Any CPU.Deploy.0 = Release|Any CPU
		{80D2CE94-F36B-4993-97FE-D44FD10A08ED}.AppStore|ARM.ActiveCfg = Release|Any CPU
		{80D2CE94-F36B-4993-97FE-D44FD10A08ED}.AppStore|ARM.Build.0 = Release|Any CPU
		{80D2CE94-F36B-4993-97FE-D44FD10A08ED}.AppStore|ARM.Deploy.0 = Release|Any CPU
		{80D2CE94-F36B-4993-97FE-D44FD10A08ED}.AppStore|iPhone.ActiveCfg = Release|Any CPU
		{80D2CE94-F36B-4993-97FE-D44FD10A08ED}.AppStore|iPhone.Build.0 = Release|Any CPU
		{80D2CE94-F36B-4993-97FE-D44FD10A08ED}.AppStore|iPhone.Deploy.0 = Release|Any CPU
		{80D2CE94-F36B-4993-97FE-D44FD10A08ED}.AppStore|iPhoneSimulator.ActiveCfg = Release|Any CPU
		{80D2CE94-F36B-4993-97FE-D44FD10A08ED}.AppStore|iPhoneSimulator.Build.0 = Release|Any CPU
		{80D2CE94-F36B-4993-97FE-D44FD10A08ED}.AppStore|iPhoneSimulator.Deploy.0 = Release|Any CPU
		{80D2CE94-F36B-4993-97FE-D44FD10A08ED}.AppStore|x64.ActiveCfg = Release|Any CPU
		{80D2CE94-F36B-4993-97FE-D44FD10A08ED}.AppStore|x64.Build.0 = Release|Any CPU
		{80D2CE94-F36B-4993-97FE-D44FD10A08ED}.AppStore|x64.Deploy.0 = Release|Any CPU
		{80D2CE94-F36B-4993-97FE-D44FD10A08ED}.AppStore|x86.ActiveCfg = Release|Any CPU
		{80D2CE94-F36B-4993-97FE-D44FD10A08ED}.AppStore|x86.Build.0 = Release|Any CPU
		{80D2CE94-F36B-4993-97FE-D44FD10A08ED}.AppStore|x86.Deploy.0 = Release|Any CPU
		{80D2CE94-F36B-4993-97FE-D44FD10A08ED}.Debug|Any CPU.ActiveCfg = Debug|Any CPU
		{80D2CE94-F36B-4993-97FE-D44FD10A08ED}.Debug|Any CPU.Build.0 = Debug|Any CPU
		{80D2CE94-F36B-4993-97FE-D44FD10A08ED}.Debug|Any CPU.Deploy.0 = Debug|Any CPU
		{80D2CE94-F36B-4993-97FE-D44FD10A08ED}.Debug|ARM.ActiveCfg = Debug|Any CPU
		{80D2CE94-F36B-4993-97FE-D44FD10A08ED}.Debug|ARM.Build.0 = Debug|Any CPU
		{80D2CE94-F36B-4993-97FE-D44FD10A08ED}.Debug|ARM.Deploy.0 = Debug|Any CPU
		{80D2CE94-F36B-4993-97FE-D44FD10A08ED}.Debug|iPhone.ActiveCfg = Debug|Any CPU
		{80D2CE94-F36B-4993-97FE-D44FD10A08ED}.Debug|iPhone.Build.0 = Debug|Any CPU
		{80D2CE94-F36B-4993-97FE-D44FD10A08ED}.Debug|iPhone.Deploy.0 = Debug|Any CPU
		{80D2CE94-F36B-4993-97FE-D44FD10A08ED}.Debug|iPhoneSimulator.ActiveCfg = Debug|Any CPU
		{80D2CE94-F36B-4993-97FE-D44FD10A08ED}.Debug|iPhoneSimulator.Build.0 = Debug|Any CPU
		{80D2CE94-F36B-4993-97FE-D44FD10A08ED}.Debug|iPhoneSimulator.Deploy.0 = Debug|Any CPU
		{80D2CE94-F36B-4993-97FE-D44FD10A08ED}.Debug|x64.ActiveCfg = Debug|Any CPU
		{80D2CE94-F36B-4993-97FE-D44FD10A08ED}.Debug|x64.Build.0 = Debug|Any CPU
		{80D2CE94-F36B-4993-97FE-D44FD10A08ED}.Debug|x64.Deploy.0 = Debug|Any CPU
		{80D2CE94-F36B-4993-97FE-D44FD10A08ED}.Debug|x86.ActiveCfg = Debug|Any CPU
		{80D2CE94-F36B-4993-97FE-D44FD10A08ED}.Debug|x86.Build.0 = Debug|Any CPU
		{80D2CE94-F36B-4993-97FE-D44FD10A08ED}.Debug|x86.Deploy.0 = Debug|Any CPU
		{80D2CE94-F36B-4993-97FE-D44FD10A08ED}.Release|Any CPU.ActiveCfg = Release|Any CPU
		{80D2CE94-F36B-4993-97FE-D44FD10A08ED}.Release|Any CPU.Build.0 = Release|Any CPU
		{80D2CE94-F36B-4993-97FE-D44FD10A08ED}.Release|Any CPU.Deploy.0 = Release|Any CPU
		{80D2CE94-F36B-4993-97FE-D44FD10A08ED}.Release|ARM.ActiveCfg = Release|Any CPU
		{80D2CE94-F36B-4993-97FE-D44FD10A08ED}.Release|ARM.Build.0 = Release|Any CPU
		{80D2CE94-F36B-4993-97FE-D44FD10A08ED}.Release|ARM.Deploy.0 = Release|Any CPU
		{80D2CE94-F36B-4993-97FE-D44FD10A08ED}.Release|iPhone.ActiveCfg = Release|Any CPU
		{80D2CE94-F36B-4993-97FE-D44FD10A08ED}.Release|iPhone.Build.0 = Release|Any CPU
		{80D2CE94-F36B-4993-97FE-D44FD10A08ED}.Release|iPhone.Deploy.0 = Release|Any CPU
		{80D2CE94-F36B-4993-97FE-D44FD10A08ED}.Release|iPhoneSimulator.ActiveCfg = Release|Any CPU
		{80D2CE94-F36B-4993-97FE-D44FD10A08ED}.Release|iPhoneSimulator.Build.0 = Release|Any CPU
		{80D2CE94-F36B-4993-97FE-D44FD10A08ED}.Release|iPhoneSimulator.Deploy.0 = Release|Any CPU
		{80D2CE94-F36B-4993-97FE-D44FD10A08ED}.Release|x64.ActiveCfg = Release|Any CPU
		{80D2CE94-F36B-4993-97FE-D44FD10A08ED}.Release|x64.Build.0 = Release|Any CPU
		{80D2CE94-F36B-4993-97FE-D44FD10A08ED}.Release|x64.Deploy.0 = Release|Any CPU
		{80D2CE94-F36B-4993-97FE-D44FD10A08ED}.Release|x86.ActiveCfg = Release|Any CPU
		{80D2CE94-F36B-4993-97FE-D44FD10A08ED}.Release|x86.Build.0 = Release|Any CPU
		{80D2CE94-F36B-4993-97FE-D44FD10A08ED}.Release|x86.Deploy.0 = Release|Any CPU
		{42FC1F6A-2E4D-483F-BA2C-A21A0923E22A}.Ad-Hoc|Any CPU.ActiveCfg = Ad-Hoc|iPhone
		{42FC1F6A-2E4D-483F-BA2C-A21A0923E22A}.Ad-Hoc|Any CPU.Build.0 = Ad-Hoc|iPhone
		{42FC1F6A-2E4D-483F-BA2C-A21A0923E22A}.Ad-Hoc|Any CPU.Deploy.0 = Ad-Hoc|iPhone
		{42FC1F6A-2E4D-483F-BA2C-A21A0923E22A}.Ad-Hoc|ARM.ActiveCfg = Ad-Hoc|iPhone
		{42FC1F6A-2E4D-483F-BA2C-A21A0923E22A}.Ad-Hoc|ARM.Build.0 = Ad-Hoc|iPhone
		{42FC1F6A-2E4D-483F-BA2C-A21A0923E22A}.Ad-Hoc|ARM.Deploy.0 = Ad-Hoc|iPhone
		{42FC1F6A-2E4D-483F-BA2C-A21A0923E22A}.Ad-Hoc|iPhone.ActiveCfg = Ad-Hoc|iPhone
		{42FC1F6A-2E4D-483F-BA2C-A21A0923E22A}.Ad-Hoc|iPhone.Build.0 = Ad-Hoc|iPhone
		{42FC1F6A-2E4D-483F-BA2C-A21A0923E22A}.Ad-Hoc|iPhone.Deploy.0 = Ad-Hoc|iPhone
		{42FC1F6A-2E4D-483F-BA2C-A21A0923E22A}.Ad-Hoc|iPhoneSimulator.ActiveCfg = Ad-Hoc|iPhoneSimulator
		{42FC1F6A-2E4D-483F-BA2C-A21A0923E22A}.Ad-Hoc|iPhoneSimulator.Build.0 = Ad-Hoc|iPhoneSimulator
		{42FC1F6A-2E4D-483F-BA2C-A21A0923E22A}.Ad-Hoc|iPhoneSimulator.Deploy.0 = Ad-Hoc|iPhoneSimulator
		{42FC1F6A-2E4D-483F-BA2C-A21A0923E22A}.Ad-Hoc|x64.ActiveCfg = Ad-Hoc|iPhone
		{42FC1F6A-2E4D-483F-BA2C-A21A0923E22A}.Ad-Hoc|x64.Build.0 = Ad-Hoc|iPhone
		{42FC1F6A-2E4D-483F-BA2C-A21A0923E22A}.Ad-Hoc|x64.Deploy.0 = Ad-Hoc|iPhone
		{42FC1F6A-2E4D-483F-BA2C-A21A0923E22A}.Ad-Hoc|x86.ActiveCfg = Ad-Hoc|iPhone
		{42FC1F6A-2E4D-483F-BA2C-A21A0923E22A}.Ad-Hoc|x86.Build.0 = Ad-Hoc|iPhone
		{42FC1F6A-2E4D-483F-BA2C-A21A0923E22A}.Ad-Hoc|x86.Deploy.0 = Ad-Hoc|iPhone
		{42FC1F6A-2E4D-483F-BA2C-A21A0923E22A}.AppStore|Any CPU.ActiveCfg = AppStore|iPhone
		{42FC1F6A-2E4D-483F-BA2C-A21A0923E22A}.AppStore|Any CPU.Build.0 = AppStore|iPhone
		{42FC1F6A-2E4D-483F-BA2C-A21A0923E22A}.AppStore|Any CPU.Deploy.0 = AppStore|iPhone
		{42FC1F6A-2E4D-483F-BA2C-A21A0923E22A}.AppStore|ARM.ActiveCfg = AppStore|iPhone
		{42FC1F6A-2E4D-483F-BA2C-A21A0923E22A}.AppStore|ARM.Build.0 = AppStore|iPhone
		{42FC1F6A-2E4D-483F-BA2C-A21A0923E22A}.AppStore|ARM.Deploy.0 = AppStore|iPhone
		{42FC1F6A-2E4D-483F-BA2C-A21A0923E22A}.AppStore|iPhone.ActiveCfg = AppStore|iPhone
		{42FC1F6A-2E4D-483F-BA2C-A21A0923E22A}.AppStore|iPhone.Build.0 = AppStore|iPhone
		{42FC1F6A-2E4D-483F-BA2C-A21A0923E22A}.AppStore|iPhone.Deploy.0 = AppStore|iPhone
		{42FC1F6A-2E4D-483F-BA2C-A21A0923E22A}.AppStore|iPhoneSimulator.ActiveCfg = AppStore|iPhoneSimulator
		{42FC1F6A-2E4D-483F-BA2C-A21A0923E22A}.AppStore|iPhoneSimulator.Build.0 = AppStore|iPhoneSimulator
		{42FC1F6A-2E4D-483F-BA2C-A21A0923E22A}.AppStore|iPhoneSimulator.Deploy.0 = AppStore|iPhoneSimulator
		{42FC1F6A-2E4D-483F-BA2C-A21A0923E22A}.AppStore|x64.ActiveCfg = AppStore|iPhone
		{42FC1F6A-2E4D-483F-BA2C-A21A0923E22A}.AppStore|x64.Build.0 = AppStore|iPhone
		{42FC1F6A-2E4D-483F-BA2C-A21A0923E22A}.AppStore|x64.Deploy.0 = AppStore|iPhone
		{42FC1F6A-2E4D-483F-BA2C-A21A0923E22A}.AppStore|x86.ActiveCfg = AppStore|iPhone
		{42FC1F6A-2E4D-483F-BA2C-A21A0923E22A}.AppStore|x86.Build.0 = AppStore|iPhone
		{42FC1F6A-2E4D-483F-BA2C-A21A0923E22A}.AppStore|x86.Deploy.0 = AppStore|iPhone
		{42FC1F6A-2E4D-483F-BA2C-A21A0923E22A}.Debug|Any CPU.ActiveCfg = Debug|iPhoneSimulator
		{42FC1F6A-2E4D-483F-BA2C-A21A0923E22A}.Debug|Any CPU.Build.0 = Debug|iPhoneSimulator
		{42FC1F6A-2E4D-483F-BA2C-A21A0923E22A}.Debug|Any CPU.Deploy.0 = Debug|iPhoneSimulator
		{42FC1F6A-2E4D-483F-BA2C-A21A0923E22A}.Debug|ARM.ActiveCfg = Debug|iPhone
		{42FC1F6A-2E4D-483F-BA2C-A21A0923E22A}.Debug|ARM.Build.0 = Debug|iPhone
		{42FC1F6A-2E4D-483F-BA2C-A21A0923E22A}.Debug|ARM.Deploy.0 = Debug|iPhone
		{42FC1F6A-2E4D-483F-BA2C-A21A0923E22A}.Debug|iPhone.ActiveCfg = Debug|iPhone
		{42FC1F6A-2E4D-483F-BA2C-A21A0923E22A}.Debug|iPhone.Build.0 = Debug|iPhone
		{42FC1F6A-2E4D-483F-BA2C-A21A0923E22A}.Debug|iPhone.Deploy.0 = Debug|iPhone
		{42FC1F6A-2E4D-483F-BA2C-A21A0923E22A}.Debug|iPhoneSimulator.ActiveCfg = Debug|iPhoneSimulator
		{42FC1F6A-2E4D-483F-BA2C-A21A0923E22A}.Debug|iPhoneSimulator.Build.0 = Debug|iPhoneSimulator
		{42FC1F6A-2E4D-483F-BA2C-A21A0923E22A}.Debug|iPhoneSimulator.Deploy.0 = Debug|iPhoneSimulator
		{42FC1F6A-2E4D-483F-BA2C-A21A0923E22A}.Debug|x64.ActiveCfg = Debug|iPhone
		{42FC1F6A-2E4D-483F-BA2C-A21A0923E22A}.Debug|x64.Build.0 = Debug|iPhone
		{42FC1F6A-2E4D-483F-BA2C-A21A0923E22A}.Debug|x64.Deploy.0 = Debug|iPhone
		{42FC1F6A-2E4D-483F-BA2C-A21A0923E22A}.Debug|x86.ActiveCfg = Debug|iPhone
		{42FC1F6A-2E4D-483F-BA2C-A21A0923E22A}.Debug|x86.Build.0 = Debug|iPhone
		{42FC1F6A-2E4D-483F-BA2C-A21A0923E22A}.Debug|x86.Deploy.0 = Debug|iPhone
		{42FC1F6A-2E4D-483F-BA2C-A21A0923E22A}.Release|Any CPU.ActiveCfg = Release|iPhone
		{42FC1F6A-2E4D-483F-BA2C-A21A0923E22A}.Release|Any CPU.Build.0 = Release|iPhone
		{42FC1F6A-2E4D-483F-BA2C-A21A0923E22A}.Release|Any CPU.Deploy.0 = Release|iPhone
		{42FC1F6A-2E4D-483F-BA2C-A21A0923E22A}.Release|ARM.ActiveCfg = Release|iPhone
		{42FC1F6A-2E4D-483F-BA2C-A21A0923E22A}.Release|ARM.Build.0 = Release|iPhone
		{42FC1F6A-2E4D-483F-BA2C-A21A0923E22A}.Release|ARM.Deploy.0 = Release|iPhone
		{42FC1F6A-2E4D-483F-BA2C-A21A0923E22A}.Release|iPhone.ActiveCfg = Release|iPhone
		{42FC1F6A-2E4D-483F-BA2C-A21A0923E22A}.Release|iPhone.Build.0 = Release|iPhone
		{42FC1F6A-2E4D-483F-BA2C-A21A0923E22A}.Release|iPhone.Deploy.0 = Release|iPhone
		{42FC1F6A-2E4D-483F-BA2C-A21A0923E22A}.Release|iPhoneSimulator.ActiveCfg = Release|iPhoneSimulator
		{42FC1F6A-2E4D-483F-BA2C-A21A0923E22A}.Release|iPhoneSimulator.Build.0 = Release|iPhoneSimulator
		{42FC1F6A-2E4D-483F-BA2C-A21A0923E22A}.Release|iPhoneSimulator.Deploy.0 = Release|iPhoneSimulator
		{42FC1F6A-2E4D-483F-BA2C-A21A0923E22A}.Release|x64.ActiveCfg = Release|iPhone
		{42FC1F6A-2E4D-483F-BA2C-A21A0923E22A}.Release|x64.Build.0 = Release|iPhone
		{42FC1F6A-2E4D-483F-BA2C-A21A0923E22A}.Release|x64.Deploy.0 = Release|iPhone
		{42FC1F6A-2E4D-483F-BA2C-A21A0923E22A}.Release|x86.ActiveCfg = Release|iPhone
		{42FC1F6A-2E4D-483F-BA2C-A21A0923E22A}.Release|x86.Build.0 = Release|iPhone
		{42FC1F6A-2E4D-483F-BA2C-A21A0923E22A}.Release|x86.Deploy.0 = Release|iPhone
		{AB15D617-C870-4424-ACA6-DBA94848649F}.Ad-Hoc|Any CPU.ActiveCfg = Release|x86
		{AB15D617-C870-4424-ACA6-DBA94848649F}.Ad-Hoc|Any CPU.Build.0 = Release|x86
		{AB15D617-C870-4424-ACA6-DBA94848649F}.Ad-Hoc|Any CPU.Deploy.0 = Release|x86
		{AB15D617-C870-4424-ACA6-DBA94848649F}.Ad-Hoc|ARM.ActiveCfg = Release|ARM
		{AB15D617-C870-4424-ACA6-DBA94848649F}.Ad-Hoc|ARM.Build.0 = Release|ARM
		{AB15D617-C870-4424-ACA6-DBA94848649F}.Ad-Hoc|ARM.Deploy.0 = Release|ARM
		{AB15D617-C870-4424-ACA6-DBA94848649F}.Ad-Hoc|iPhone.ActiveCfg = Release|x86
		{AB15D617-C870-4424-ACA6-DBA94848649F}.Ad-Hoc|iPhone.Build.0 = Release|x86
		{AB15D617-C870-4424-ACA6-DBA94848649F}.Ad-Hoc|iPhone.Deploy.0 = Release|x86
		{AB15D617-C870-4424-ACA6-DBA94848649F}.Ad-Hoc|iPhoneSimulator.ActiveCfg = Release|x86
		{AB15D617-C870-4424-ACA6-DBA94848649F}.Ad-Hoc|iPhoneSimulator.Build.0 = Release|x86
		{AB15D617-C870-4424-ACA6-DBA94848649F}.Ad-Hoc|iPhoneSimulator.Deploy.0 = Release|x86
		{AB15D617-C870-4424-ACA6-DBA94848649F}.Ad-Hoc|x64.ActiveCfg = Release|x64
		{AB15D617-C870-4424-ACA6-DBA94848649F}.Ad-Hoc|x64.Build.0 = Release|x64
		{AB15D617-C870-4424-ACA6-DBA94848649F}.Ad-Hoc|x64.Deploy.0 = Release|x64
		{AB15D617-C870-4424-ACA6-DBA94848649F}.Ad-Hoc|x86.ActiveCfg = Release|x86
		{AB15D617-C870-4424-ACA6-DBA94848649F}.Ad-Hoc|x86.Build.0 = Release|x86
		{AB15D617-C870-4424-ACA6-DBA94848649F}.Ad-Hoc|x86.Deploy.0 = Release|x86
		{AB15D617-C870-4424-ACA6-DBA94848649F}.AppStore|Any CPU.ActiveCfg = Release|x86
		{AB15D617-C870-4424-ACA6-DBA94848649F}.AppStore|Any CPU.Build.0 = Release|x86
		{AB15D617-C870-4424-ACA6-DBA94848649F}.AppStore|Any CPU.Deploy.0 = Release|x86
		{AB15D617-C870-4424-ACA6-DBA94848649F}.AppStore|ARM.ActiveCfg = Release|ARM
		{AB15D617-C870-4424-ACA6-DBA94848649F}.AppStore|ARM.Build.0 = Release|ARM
		{AB15D617-C870-4424-ACA6-DBA94848649F}.AppStore|ARM.Deploy.0 = Release|ARM
		{AB15D617-C870-4424-ACA6-DBA94848649F}.AppStore|iPhone.ActiveCfg = Release|x86
		{AB15D617-C870-4424-ACA6-DBA94848649F}.AppStore|iPhone.Build.0 = Release|x86
		{AB15D617-C870-4424-ACA6-DBA94848649F}.AppStore|iPhone.Deploy.0 = Release|x86
		{AB15D617-C870-4424-ACA6-DBA94848649F}.AppStore|iPhoneSimulator.ActiveCfg = Release|x86
		{AB15D617-C870-4424-ACA6-DBA94848649F}.AppStore|iPhoneSimulator.Build.0 = Release|x86
		{AB15D617-C870-4424-ACA6-DBA94848649F}.AppStore|iPhoneSimulator.Deploy.0 = Release|x86
		{AB15D617-C870-4424-ACA6-DBA94848649F}.AppStore|x64.ActiveCfg = Release|x64
		{AB15D617-C870-4424-ACA6-DBA94848649F}.AppStore|x64.Build.0 = Release|x64
		{AB15D617-C870-4424-ACA6-DBA94848649F}.AppStore|x64.Deploy.0 = Release|x64
		{AB15D617-C870-4424-ACA6-DBA94848649F}.AppStore|x86.ActiveCfg = Release|x86
		{AB15D617-C870-4424-ACA6-DBA94848649F}.AppStore|x86.Build.0 = Release|x86
		{AB15D617-C870-4424-ACA6-DBA94848649F}.AppStore|x86.Deploy.0 = Release|x86
		{AB15D617-C870-4424-ACA6-DBA94848649F}.Debug|Any CPU.ActiveCfg = Debug|x86
		{AB15D617-C870-4424-ACA6-DBA94848649F}.Debug|Any CPU.Build.0 = Debug|x86
		{AB15D617-C870-4424-ACA6-DBA94848649F}.Debug|Any CPU.Deploy.0 = Debug|x86
		{AB15D617-C870-4424-ACA6-DBA94848649F}.Debug|ARM.ActiveCfg = Debug|ARM
		{AB15D617-C870-4424-ACA6-DBA94848649F}.Debug|ARM.Build.0 = Debug|ARM
		{AB15D617-C870-4424-ACA6-DBA94848649F}.Debug|ARM.Deploy.0 = Debug|ARM
		{AB15D617-C870-4424-ACA6-DBA94848649F}.Debug|iPhone.ActiveCfg = Debug|x86
		{AB15D617-C870-4424-ACA6-DBA94848649F}.Debug|iPhone.Build.0 = Debug|x86
		{AB15D617-C870-4424-ACA6-DBA94848649F}.Debug|iPhone.Deploy.0 = Debug|x86
		{AB15D617-C870-4424-ACA6-DBA94848649F}.Debug|iPhoneSimulator.ActiveCfg = Debug|x86
		{AB15D617-C870-4424-ACA6-DBA94848649F}.Debug|iPhoneSimulator.Build.0 = Debug|x86
		{AB15D617-C870-4424-ACA6-DBA94848649F}.Debug|iPhoneSimulator.Deploy.0 = Debug|x86
		{AB15D617-C870-4424-ACA6-DBA94848649F}.Debug|x64.ActiveCfg = Debug|x64
		{AB15D617-C870-4424-ACA6-DBA94848649F}.Debug|x64.Build.0 = Debug|x64
		{AB15D617-C870-4424-ACA6-DBA94848649F}.Debug|x64.Deploy.0 = Debug|x64
		{AB15D617-C870-4424-ACA6-DBA94848649F}.Debug|x86.ActiveCfg = Debug|x86
		{AB15D617-C870-4424-ACA6-DBA94848649F}.Debug|x86.Build.0 = Debug|x86
		{AB15D617-C870-4424-ACA6-DBA94848649F}.Debug|x86.Deploy.0 = Debug|x86
		{AB15D617-C870-4424-ACA6-DBA94848649F}.Release|Any CPU.ActiveCfg = Release|x86
		{AB15D617-C870-4424-ACA6-DBA94848649F}.Release|Any CPU.Build.0 = Release|x86
		{AB15D617-C870-4424-ACA6-DBA94848649F}.Release|Any CPU.Deploy.0 = Release|x86
		{AB15D617-C870-4424-ACA6-DBA94848649F}.Release|ARM.ActiveCfg = Release|ARM
		{AB15D617-C870-4424-ACA6-DBA94848649F}.Release|ARM.Build.0 = Release|ARM
		{AB15D617-C870-4424-ACA6-DBA94848649F}.Release|ARM.Deploy.0 = Release|ARM
		{AB15D617-C870-4424-ACA6-DBA94848649F}.Release|iPhone.ActiveCfg = Release|x86
		{AB15D617-C870-4424-ACA6-DBA94848649F}.Release|iPhone.Build.0 = Release|x86
		{AB15D617-C870-4424-ACA6-DBA94848649F}.Release|iPhone.Deploy.0 = Release|x86
		{AB15D617-C870-4424-ACA6-DBA94848649F}.Release|iPhoneSimulator.ActiveCfg = Release|x86
		{AB15D617-C870-4424-ACA6-DBA94848649F}.Release|iPhoneSimulator.Build.0 = Release|x86
		{AB15D617-C870-4424-ACA6-DBA94848649F}.Release|iPhoneSimulator.Deploy.0 = Release|x86
		{AB15D617-C870-4424-ACA6-DBA94848649F}.Release|x64.ActiveCfg = Release|x64
		{AB15D617-C870-4424-ACA6-DBA94848649F}.Release|x64.Build.0 = Release|x64
		{AB15D617-C870-4424-ACA6-DBA94848649F}.Release|x64.Deploy.0 = Release|x64
		{AB15D617-C870-4424-ACA6-DBA94848649F}.Release|x86.ActiveCfg = Release|x86
		{AB15D617-C870-4424-ACA6-DBA94848649F}.Release|x86.Build.0 = Release|x86
		{AB15D617-C870-4424-ACA6-DBA94848649F}.Release|x86.Deploy.0 = Release|x86
		{3360C4E0-3C45-4FAE-AC0B-D42EFC9DCD82}.Ad-Hoc|Any CPU.ActiveCfg = Debug|Any CPU
		{3360C4E0-3C45-4FAE-AC0B-D42EFC9DCD82}.Ad-Hoc|Any CPU.Build.0 = Debug|Any CPU
		{3360C4E0-3C45-4FAE-AC0B-D42EFC9DCD82}.Ad-Hoc|Any CPU.Deploy.0 = Debug|Any CPU
		{3360C4E0-3C45-4FAE-AC0B-D42EFC9DCD82}.Ad-Hoc|ARM.ActiveCfg = Debug|Any CPU
		{3360C4E0-3C45-4FAE-AC0B-D42EFC9DCD82}.Ad-Hoc|ARM.Build.0 = Debug|Any CPU
		{3360C4E0-3C45-4FAE-AC0B-D42EFC9DCD82}.Ad-Hoc|ARM.Deploy.0 = Debug|Any CPU
		{3360C4E0-3C45-4FAE-AC0B-D42EFC9DCD82}.Ad-Hoc|iPhone.ActiveCfg = Debug|Any CPU
		{3360C4E0-3C45-4FAE-AC0B-D42EFC9DCD82}.Ad-Hoc|iPhone.Build.0 = Debug|Any CPU
		{3360C4E0-3C45-4FAE-AC0B-D42EFC9DCD82}.Ad-Hoc|iPhone.Deploy.0 = Debug|Any CPU
		{3360C4E0-3C45-4FAE-AC0B-D42EFC9DCD82}.Ad-Hoc|iPhoneSimulator.ActiveCfg = Debug|Any CPU
		{3360C4E0-3C45-4FAE-AC0B-D42EFC9DCD82}.Ad-Hoc|iPhoneSimulator.Build.0 = Debug|Any CPU
		{3360C4E0-3C45-4FAE-AC0B-D42EFC9DCD82}.Ad-Hoc|iPhoneSimulator.Deploy.0 = Debug|Any CPU
		{3360C4E0-3C45-4FAE-AC0B-D42EFC9DCD82}.Ad-Hoc|x64.ActiveCfg = Debug|Any CPU
		{3360C4E0-3C45-4FAE-AC0B-D42EFC9DCD82}.Ad-Hoc|x64.Build.0 = Debug|Any CPU
		{3360C4E0-3C45-4FAE-AC0B-D42EFC9DCD82}.Ad-Hoc|x64.Deploy.0 = Debug|Any CPU
		{3360C4E0-3C45-4FAE-AC0B-D42EFC9DCD82}.Ad-Hoc|x86.ActiveCfg = Debug|Any CPU
		{3360C4E0-3C45-4FAE-AC0B-D42EFC9DCD82}.Ad-Hoc|x86.Build.0 = Debug|Any CPU
		{3360C4E0-3C45-4FAE-AC0B-D42EFC9DCD82}.Ad-Hoc|x86.Deploy.0 = Debug|Any CPU
		{3360C4E0-3C45-4FAE-AC0B-D42EFC9DCD82}.AppStore|Any CPU.ActiveCfg = Debug|Any CPU
		{3360C4E0-3C45-4FAE-AC0B-D42EFC9DCD82}.AppStore|Any CPU.Build.0 = Debug|Any CPU
		{3360C4E0-3C45-4FAE-AC0B-D42EFC9DCD82}.AppStore|Any CPU.Deploy.0 = Debug|Any CPU
		{3360C4E0-3C45-4FAE-AC0B-D42EFC9DCD82}.AppStore|ARM.ActiveCfg = Debug|Any CPU
		{3360C4E0-3C45-4FAE-AC0B-D42EFC9DCD82}.AppStore|ARM.Build.0 = Debug|Any CPU
		{3360C4E0-3C45-4FAE-AC0B-D42EFC9DCD82}.AppStore|ARM.Deploy.0 = Debug|Any CPU
		{3360C4E0-3C45-4FAE-AC0B-D42EFC9DCD82}.AppStore|iPhone.ActiveCfg = Debug|Any CPU
		{3360C4E0-3C45-4FAE-AC0B-D42EFC9DCD82}.AppStore|iPhone.Build.0 = Debug|Any CPU
		{3360C4E0-3C45-4FAE-AC0B-D42EFC9DCD82}.AppStore|iPhone.Deploy.0 = Debug|Any CPU
		{3360C4E0-3C45-4FAE-AC0B-D42EFC9DCD82}.AppStore|iPhoneSimulator.ActiveCfg = Debug|Any CPU
		{3360C4E0-3C45-4FAE-AC0B-D42EFC9DCD82}.AppStore|iPhoneSimulator.Build.0 = Debug|Any CPU
		{3360C4E0-3C45-4FAE-AC0B-D42EFC9DCD82}.AppStore|iPhoneSimulator.Deploy.0 = Debug|Any CPU
		{3360C4E0-3C45-4FAE-AC0B-D42EFC9DCD82}.AppStore|x64.ActiveCfg = Debug|Any CPU
		{3360C4E0-3C45-4FAE-AC0B-D42EFC9DCD82}.AppStore|x64.Build.0 = Debug|Any CPU
		{3360C4E0-3C45-4FAE-AC0B-D42EFC9DCD82}.AppStore|x64.Deploy.0 = Debug|Any CPU
		{3360C4E0-3C45-4FAE-AC0B-D42EFC9DCD82}.AppStore|x86.ActiveCfg = Debug|Any CPU
		{3360C4E0-3C45-4FAE-AC0B-D42EFC9DCD82}.AppStore|x86.Build.0 = Debug|Any CPU
		{3360C4E0-3C45-4FAE-AC0B-D42EFC9DCD82}.AppStore|x86.Deploy.0 = Debug|Any CPU
		{3360C4E0-3C45-4FAE-AC0B-D42EFC9DCD82}.Debug|Any CPU.ActiveCfg = Debug|Any CPU
		{3360C4E0-3C45-4FAE-AC0B-D42EFC9DCD82}.Debug|Any CPU.Build.0 = Debug|Any CPU
		{3360C4E0-3C45-4FAE-AC0B-D42EFC9DCD82}.Debug|Any CPU.Deploy.0 = Debug|Any CPU
		{3360C4E0-3C45-4FAE-AC0B-D42EFC9DCD82}.Debug|ARM.ActiveCfg = Debug|Any CPU
		{3360C4E0-3C45-4FAE-AC0B-D42EFC9DCD82}.Debug|ARM.Build.0 = Debug|Any CPU
		{3360C4E0-3C45-4FAE-AC0B-D42EFC9DCD82}.Debug|ARM.Deploy.0 = Debug|Any CPU
		{3360C4E0-3C45-4FAE-AC0B-D42EFC9DCD82}.Debug|iPhone.ActiveCfg = Debug|Any CPU
		{3360C4E0-3C45-4FAE-AC0B-D42EFC9DCD82}.Debug|iPhone.Build.0 = Debug|Any CPU
		{3360C4E0-3C45-4FAE-AC0B-D42EFC9DCD82}.Debug|iPhone.Deploy.0 = Debug|Any CPU
		{3360C4E0-3C45-4FAE-AC0B-D42EFC9DCD82}.Debug|iPhoneSimulator.ActiveCfg = Debug|Any CPU
		{3360C4E0-3C45-4FAE-AC0B-D42EFC9DCD82}.Debug|iPhoneSimulator.Build.0 = Debug|Any CPU
		{3360C4E0-3C45-4FAE-AC0B-D42EFC9DCD82}.Debug|iPhoneSimulator.Deploy.0 = Debug|Any CPU
		{3360C4E0-3C45-4FAE-AC0B-D42EFC9DCD82}.Debug|x64.ActiveCfg = Debug|Any CPU
		{3360C4E0-3C45-4FAE-AC0B-D42EFC9DCD82}.Debug|x64.Build.0 = Debug|Any CPU
		{3360C4E0-3C45-4FAE-AC0B-D42EFC9DCD82}.Debug|x64.Deploy.0 = Debug|Any CPU
		{3360C4E0-3C45-4FAE-AC0B-D42EFC9DCD82}.Debug|x86.ActiveCfg = Debug|Any CPU
		{3360C4E0-3C45-4FAE-AC0B-D42EFC9DCD82}.Debug|x86.Build.0 = Debug|Any CPU
		{3360C4E0-3C45-4FAE-AC0B-D42EFC9DCD82}.Debug|x86.Deploy.0 = Debug|Any CPU
		{3360C4E0-3C45-4FAE-AC0B-D42EFC9DCD82}.Release|Any CPU.ActiveCfg = Release|Any CPU
		{3360C4E0-3C45-4FAE-AC0B-D42EFC9DCD82}.Release|Any CPU.Build.0 = Release|Any CPU
		{3360C4E0-3C45-4FAE-AC0B-D42EFC9DCD82}.Release|Any CPU.Deploy.0 = Release|Any CPU
		{3360C4E0-3C45-4FAE-AC0B-D42EFC9DCD82}.Release|ARM.ActiveCfg = Release|Any CPU
		{3360C4E0-3C45-4FAE-AC0B-D42EFC9DCD82}.Release|ARM.Build.0 = Release|Any CPU
		{3360C4E0-3C45-4FAE-AC0B-D42EFC9DCD82}.Release|ARM.Deploy.0 = Release|Any CPU
		{3360C4E0-3C45-4FAE-AC0B-D42EFC9DCD82}.Release|iPhone.ActiveCfg = Release|Any CPU
		{3360C4E0-3C45-4FAE-AC0B-D42EFC9DCD82}.Release|iPhone.Build.0 = Release|Any CPU
		{3360C4E0-3C45-4FAE-AC0B-D42EFC9DCD82}.Release|iPhone.Deploy.0 = Release|Any CPU
		{3360C4E0-3C45-4FAE-AC0B-D42EFC9DCD82}.Release|iPhoneSimulator.ActiveCfg = Release|Any CPU
		{3360C4E0-3C45-4FAE-AC0B-D42EFC9DCD82}.Release|iPhoneSimulator.Build.0 = Release|Any CPU
		{3360C4E0-3C45-4FAE-AC0B-D42EFC9DCD82}.Release|iPhoneSimulator.Deploy.0 = Release|Any CPU
		{3360C4E0-3C45-4FAE-AC0B-D42EFC9DCD82}.Release|x64.ActiveCfg = Release|Any CPU
		{3360C4E0-3C45-4FAE-AC0B-D42EFC9DCD82}.Release|x64.Build.0 = Release|Any CPU
		{3360C4E0-3C45-4FAE-AC0B-D42EFC9DCD82}.Release|x64.Deploy.0 = Release|Any CPU
		{3360C4E0-3C45-4FAE-AC0B-D42EFC9DCD82}.Release|x86.ActiveCfg = Release|Any CPU
		{3360C4E0-3C45-4FAE-AC0B-D42EFC9DCD82}.Release|x86.Build.0 = Release|Any CPU
		{3360C4E0-3C45-4FAE-AC0B-D42EFC9DCD82}.Release|x86.Deploy.0 = Release|Any CPU
	EndGlobalSection
	GlobalSection(SolutionProperties) = preSolution
		HideSolutionNode = FALSE
	EndGlobalSection
	GlobalSection(ExtensibilityGlobals) = postSolution
		SolutionGuid = {F2AE5264-0AC5-4E2E-B7EE-AA58EB5920C5}
	EndGlobalSection
EndGlobal
